
Microsoft Visual Studio Solution File, Format Version 12.00
# Visual Studio Version 16
VisualStudioVersion = 16.0.31702.278
MinimumVisualStudioVersion = 10.0.40219.1
Project("{FAE04EC0-301F-11D3-BF4B-00C04F79EFBC}") = "OnScreenDeviceManager", "OnScreenDeviceManager\OnScreenDeviceManager.csproj", "{5077E81A-5049-49EA-81DD-324249E3EC61}"
	ProjectSection(ProjectDependencies) = postProject
		{F17B8350-B5F5-485F-98E0-BE7D02389D8F} = {F17B8350-B5F5-485F-98E0-BE7D02389D8F}
	EndProjectSection
EndProject
Project("{C7167F0D-BC9F-4E6E-AFE1-012C56B48DB5}") = "Package", "Package\Package.wapproj", "{F1207002-6DA3-402B-8A1C-9880B4C5EC71}"
EndProject
Project("{9A19103F-16F7-4668-BE54-9A1E7A4F7556}") = "ShellHost", "ShellHost\ShellHost.csproj", "{F17B8350-B5F5-485F-98E0-BE7D02389D8F}"
EndProject
Global
	GlobalSection(SolutionConfigurationPlatforms) = preSolution
		Debug|Any CPU = Debug|Any CPU
		Debug|ARM = Debug|ARM
		Debug|ARM64 = Debug|ARM64
		Debug|x64 = Debug|x64
		Debug|x86 = Debug|x86
		Release|Any CPU = Release|Any CPU
		Release|ARM = Release|ARM
		Release|ARM64 = Release|ARM64
		Release|x64 = Release|x64
		Release|x86 = Release|x86
	EndGlobalSection
	GlobalSection(ProjectConfigurationPlatforms) = postSolution
		{5077E81A-5049-49EA-81DD-324249E3EC61}.Debug|Any CPU.ActiveCfg = Debug|x86
		{5077E81A-5049-49EA-81DD-324249E3EC61}.Debug|Any CPU.Build.0 = Debug|x86
		{5077E81A-5049-49EA-81DD-324249E3EC61}.Debug|ARM.ActiveCfg = Debug|ARM
		{5077E81A-5049-49EA-81DD-324249E3EC61}.Debug|ARM.Build.0 = Debug|ARM
		{5077E81A-5049-49EA-81DD-324249E3EC61}.Debug|ARM.Deploy.0 = Debug|ARM
		{5077E81A-5049-49EA-81DD-324249E3EC61}.Debug|ARM64.ActiveCfg = Debug|ARM64
		{5077E81A-5049-49EA-81DD-324249E3EC61}.Debug|ARM64.Build.0 = Debug|ARM64
		{5077E81A-5049-49EA-81DD-324249E3EC61}.Debug|ARM64.Deploy.0 = Debug|ARM64
		{5077E81A-5049-49EA-81DD-324249E3EC61}.Debug|x64.ActiveCfg = Debug|x64
		{5077E81A-5049-49EA-81DD-324249E3EC61}.Debug|x64.Build.0 = Debug|x64
		{5077E81A-5049-49EA-81DD-324249E3EC61}.Debug|x86.ActiveCfg = Debug|x86
		{5077E81A-5049-49EA-81DD-324249E3EC61}.Debug|x86.Build.0 = Debug|x86
		{5077E81A-5049-49EA-81DD-324249E3EC61}.Release|Any CPU.ActiveCfg = Release|x86
		{5077E81A-5049-49EA-81DD-324249E3EC61}.Release|Any CPU.Build.0 = Release|x86
		{5077E81A-5049-49EA-81DD-324249E3EC61}.Release|ARM.ActiveCfg = Release|ARM
		{5077E81A-5049-49EA-81DD-324249E3EC61}.Release|ARM.Build.0 = Release|ARM
		{5077E81A-5049-49EA-81DD-324249E3EC61}.Release|ARM.Deploy.0 = Release|ARM
		{5077E81A-5049-49EA-81DD-324249E3EC61}.Release|ARM64.ActiveCfg = Release|ARM64
		{5077E81A-5049-49EA-81DD-324249E3EC61}.Release|ARM64.Build.0 = Release|ARM64
		{5077E81A-5049-49EA-81DD-324249E3EC61}.Release|ARM64.Deploy.0 = Release|ARM64
		{5077E81A-5049-49EA-81DD-324249E3EC61}.Release|x64.ActiveCfg = Release|x64
		{5077E81A-5049-49EA-81DD-324249E3EC61}.Release|x64.Build.0 = Release|x64
		{5077E81A-5049-49EA-81DD-324249E3EC61}.Release|x86.ActiveCfg = Release|x86
		{5077E81A-5049-49EA-81DD-324249E3EC61}.Release|x86.Build.0 = Release|x86
		{F1207002-6DA3-402B-8A1C-9880B4C5EC71}.Debug|Any CPU.ActiveCfg = Debug|Any CPU
		{F1207002-6DA3-402B-8A1C-9880B4C5EC71}.Debug|Any CPU.Build.0 = Debug|Any CPU
		{F1207002-6DA3-402B-8A1C-9880B4C5EC71}.Debug|Any CPU.Deploy.0 = Debug|Any CPU
		{F1207002-6DA3-402B-8A1C-9880B4C5EC71}.Debug|ARM.ActiveCfg = Debug|ARM
		{F1207002-6DA3-402B-8A1C-9880B4C5EC71}.Debug|ARM.Build.0 = Debug|ARM
		{F1207002-6DA3-402B-8A1C-9880B4C5EC71}.Debug|ARM.Deploy.0 = Debug|ARM
		{F1207002-6DA3-402B-8A1C-9880B4C5EC71}.Debug|ARM64.ActiveCfg = Debug|ARM64
		{F1207002-6DA3-402B-8A1C-9880B4C5EC71}.Debug|ARM64.Build.0 = Debug|ARM64
		{F1207002-6DA3-402B-8A1C-9880B4C5EC71}.Debug|ARM64.Deploy.0 = Debug|ARM64
		{F1207002-6DA3-402B-8A1C-9880B4C5EC71}.Debug|x64.ActiveCfg = Debug|x64
		{F1207002-6DA3-402B-8A1C-9880B4C5EC71}.Debug|x64.Build.0 = Debug|x64
		{F1207002-6DA3-402B-8A1C-9880B4C5EC71}.Debug|x64.Deploy.0 = Debug|x64
		{F1207002-6DA3-402B-8A1C-9880B4C5EC71}.Debug|x86.ActiveCfg = Debug|x86
		{F1207002-6DA3-402B-8A1C-9880B4C5EC71}.Debug|x86.Build.0 = Debug|x86
		{F1207002-6DA3-402B-8A1C-9880B4C5EC71}.Debug|x86.Deploy.0 = Debug|x86
		{F1207002-6DA3-402B-8A1C-9880B4C5EC71}.Release|Any CPU.ActiveCfg = Release|Any CPU
		{F1207002-6DA3-402B-8A1C-9880B4C5EC71}.Release|Any CPU.Build.0 = Release|Any CPU
		{F1207002-6DA3-402B-8A1C-9880B4C5EC71}.Release|Any CPU.Deploy.0 = Release|Any CPU
		{F1207002-6DA3-402B-8A1C-9880B4C5EC71}.Release|ARM.ActiveCfg = Release|ARM
		{F1207002-6DA3-402B-8A1C-9880B4C5EC71}.Release|ARM.Build.0 = Release|ARM
		{F1207002-6DA3-402B-8A1C-9880B4C5EC71}.Release|ARM.Deploy.0 = Release|ARM
		{F1207002-6DA3-402B-8A1C-9880B4C5EC71}.Release|ARM64.ActiveCfg = Release|ARM64
		{F1207002-6DA3-402B-8A1C-9880B4C5EC71}.Release|ARM64.Build.0 = Release|ARM64
		{F1207002-6DA3-402B-8A1C-9880B4C5EC71}.Release|ARM64.Deploy.0 = Release|ARM64
		{F1207002-6DA3-402B-8A1C-9880B4C5EC71}.Release|x64.ActiveCfg = Release|x64
		{F1207002-6DA3-402B-8A1C-9880B4C5EC71}.Release|x64.Build.0 = Release|x64
		{F1207002-6DA3-402B-8A1C-9880B4C5EC71}.Release|x64.Deploy.0 = Release|x64
		{F1207002-6DA3-402B-8A1C-9880B4C5EC71}.Release|x86.ActiveCfg = Release|x86
		{F1207002-6DA3-402B-8A1C-9880B4C5EC71}.Release|x86.Build.0 = Release|x86
		{F1207002-6DA3-402B-8A1C-9880B4C5EC71}.Release|x86.Deploy.0 = Release|x86
		{F17B8350-B5F5-485F-98E0-BE7D02389D8F}.Debug|Any CPU.ActiveCfg = Debug|Any CPU
		{F17B8350-B5F5-485F-98E0-BE7D02389D8F}.Debug|Any CPU.Build.0 = Debug|Any CPU
		{F17B8350-B5F5-485F-98E0-BE7D02389D8F}.Debug|ARM.ActiveCfg = Debug|Any CPU
		{F17B8350-B5F5-485F-98E0-BE7D02389D8F}.Debug|ARM.Build.0 = Debug|Any CPU
		{F17B8350-B5F5-485F-98E0-BE7D02389D8F}.Debug|ARM64.ActiveCfg = Debug|Any CPU
		{F17B8350-B5F5-485F-98E0-BE7D02389D8F}.Debug|ARM64.Build.0 = Debug|Any CPU
		{F17B8350-B5F5-485F-98E0-BE7D02389D8F}.Debug|x64.ActiveCfg = Debug|Any CPU
		{F17B8350-B5F5-485F-98E0-BE7D02389D8F}.Debug|x64.Build.0 = Debug|Any CPU
		{F17B8350-B5F5-485F-98E0-BE7D02389D8F}.Debug|x86.ActiveCfg = Debug|Any CPU
		{F17B8350-B5F5-485F-98E0-BE7D02389D8F}.Debug|x86.Build.0 = Debug|Any CPU
		{F17B8350-B5F5-485F-98E0-BE7D02389D8F}.Release|Any CPU.ActiveCfg = Release|Any CPU
		{F17B8350-B5F5-485F-98E0-BE7D02389D8F}.Release|Any CPU.Build.0 = Release|Any CPU
		{F17B8350-B5F5-485F-98E0-BE7D02389D8F}.Release|ARM.ActiveCfg = Release|Any CPU
		{F17B8350-B5F5-485F-98E0-BE7D02389D8F}.Release|ARM.Build.0 = Release|Any CPU
		{F17B8350-B5F5-485F-98E0-BE7D02389D8F}.Release|ARM64.ActiveCfg = Release|Any CPU
		{F17B8350-B5F5-485F-98E0-BE7D02389D8F}.Release|ARM64.Build.0 = Release|Any CPU
		{F17B8350-B5F5-485F-98E0-BE7D02389D8F}.Release|x64.ActiveCfg = Release|Any CPU
		{F17B8350-B5F5-485F-98E0-BE7D02389D8F}.Release|x64.Build.0 = Release|Any CPU
		{F17B8350-B5F5-485F-98E0-BE7D02389D8F}.Release|x86.ActiveCfg = Release|Any CPU
		{F17B8350-B5F5-485F-98E0-BE7D02389D8F}.Release|x86.Build.0 = Release|Any CPU
	EndGlobalSection
	GlobalSection(SolutionProperties) = preSolution
		HideSolutionNode = FALSE
	EndGlobalSection
	GlobalSection(ExtensibilityGlobals) = postSolution
		SolutionGuid = {45420A1E-9963-40BA-91B1-E13DBF2D2D54}
	EndGlobalSection
EndGlobal
